{
  "nodes": {
    "nixpkgs": {
      "locked": {
        "lastModified": 1774657924,
        "narHash": "sha256-H/xrtum6nuvgwe15fmFHWw1CE1CYp6HQ/nwJ4hX7CMM=",
        "owner": "NixOS",
        "repo": "nixpkgs",
        "rev": "1aa9bb4b51de38c3744ad75165fd589207c1cb99",
        "type": "github"
      },
      "original": {
        "owner": "NixOS",
        "repo": "nixpkgs",
        "type": "github"
      }
    },
    "root": {
      "inputs": {
        "nixpkgs": "nixpkgs"
      }
    }
  },
  "root": "root",
  "version": 7
}
